<?xml version="1.0" encoding="utf-8"?>
<Project ToolsVersion="4.0" xmlns="http://schemas.microsoft.com/developer/msbuild/2003">
  <ItemGroup>
    <FxCompile Include="Shader\GameObject\GameObjectPS.hlsl" />
    <FxCompile Include="Shader\GameObject\GameObjectVS.hlsl" />
    <FxCompile Include="Shader\Billboard\BillboardPS.hlsl" />
    <FxCompile Include="Shader\Billboard\BillboardVS.hlsl" />
    <FxCompile Include="Shader\Basic\BasicPS.hlsl" />
    <FxCompile Include="Shader\Basic\BasicVS.hlsl" />
    <FxCompile Include="Shader\Bloom\BloomPS.hlsl" />
    <FxCompile Include="Shader\Bloom\BloomVS.hlsl" />
    <FxCompile Include="Shader\BrightCut\BrightCutPS.hlsl" />
    <FxCompile Include="Shader\BrightCut\BrightCutVS.hlsl" />
    <FxCompile Include="Shader\DepthTest\DepthTestPS.hlsl" />
    <FxCompile Include="Shader\DepthTest\DepthTestVS.hlsl" />
    <FxCompile Include="Shader\Disolve\DisolvePS.hlsl" />
    <FxCompile Include="Shader\Disolve\DisolveVS.hlsl" />
    <FxCompile Include="Shader\Final\FinalVS.hlsl" />
    <FxCompile Include="Shader\Final\FinalPS.hlsl" />
    <FxCompile Include="Shader\GaussianBlur\GaussianBlurPS.hlsl" />
    <FxCompile Include="Shader\GaussianBlur\GaussianBlurVS.hlsl" />
    <FxCompile Include="Shader\Grid\GridVS.hlsl" />
    <FxCompile Include="Shader\Grid\GridPS.hlsl" />
    <FxCompile Include="Shader\LinearBlur\LinearBlurPS.hlsl" />
    <FxCompile Include="Shader\LinearBlur\LinearBlurVS.hlsl" />
    <FxCompile Include="Shader\MeltDeform\MeltDeformVS.hlsl" />
    <FxCompile Include="Shader\MultiRenderTest\MultiRenderTestAPS.hlsl" />
    <FxCompile Include="Shader\MultiRenderTest\MultiRenderTestAVS.hlsl" />
    <FxCompile Include="Shader\MultiRenderTest\MultiRenderTestBPS.hlsl" />
    <FxCompile Include="Shader\MultiRenderTest\MultiRenderTestBVS.hlsl" />
    <FxCompile Include="Shader\NoneShading\NoneShadingPS.hlsl" />
    <FxCompile Include="Shader\NoneShading\NoneShadingVS.hlsl" />
    <FxCompile Include="Shader\PaintedBasic\PaintedBasicPS.hlsl" />
    <FxCompile Include="Shader\Particle3D\Particle3DGS.hlsl" />
    <FxCompile Include="Shader\Particle3D\Particle3DPS.hlsl" />
    <FxCompile Include="Shader\Particle3D\Particle3DVS.hlsl" />
    <FxCompile Include="Shader\ParticleBillboard\ParticleBillboardGS.hlsl" />
    <FxCompile Include="Shader\ParticleBillboard\ParticleBillboardPS.hlsl" />
    <FxCompile Include="Shader\ParticleBillboard\ParticleBillboardVS.hlsl" />
    <FxCompile Include="Shader\PostEffect\PostEffectPS.hlsl" />
    <FxCompile Include="Shader\PostEffect\PostEffectVS.hlsl" />
    <FxCompile Include="Shader\SimpleInstance\SimpleInstancePS.hlsl" />
    <FxCompile Include="Shader\SimpleInstance\SimpleInstanceVS.hlsl" />
    <FxCompile Include="Shader\SimpleLine\SimpleLineGS.hlsl" />
    <FxCompile Include="Shader\SimpleLine\SimpleLinePS.hlsl" />
    <FxCompile Include="Shader\SimpleLine\SimpleLineVS.hlsl" />
    <FxCompile Include="Shader\SimpleMesh\SimpleMeshPS.hlsl" />
    <FxCompile Include="Shader\SimpleMesh\SimpleMeshVS.hlsl" />
    <FxCompile Include="Shader\Simple\SimplePS.hlsl" />
    <FxCompile Include="Shader\Simple\SimpleVS.hlsl" />
    <FxCompile Include="Shader\SlimeShader\SlimeShaderPS.hlsl" />
    <FxCompile Include="Shader\SlimeShader\SlimeShaderVS.hlsl" />
    <FxCompile Include="Shader\Sprite\SpritePS.hlsl" />
    <FxCompile Include="Shader\Sprite\SpriteVS.hlsl" />
    <FxCompile Include="Shader\Test\TestGS.hlsl" />
    <FxCompile Include="Shader\Test\TestPS.hlsl" />
    <FxCompile Include="Shader\Test\TestVS.hlsl" />
  </ItemGroup>
  <ItemGroup>
    <ClCompile Include="Application\EnemyAttackState.cpp" />
    <ClCompile Include="Application\Chara\Boss\Boss.cpp" />
    <ClCompile Include="Application\Chara\Boss\BossState.cpp" />
    <ClCompile Include="Application\Chara\Boss\BossUI.cpp" />
    <ClCompile Include="Application\Chara\Boss\BossPunch.cpp" />
    <ClCompile Include="Application\Chara\Boss\BossNormal.cpp" />
    <ClCompile Include="Engine\Collision\AABBCollider.cpp" />
    <ClCompile Include="Application\Chara\Enemy\EnemySpawner.cpp" />
    <ClCompile Include="Application\InstantDrawer.cpp" />
    <ClCompile Include="Application\LevelData.cpp" />
    <ClCompile Include="Application\LevelLoader.cpp" />
    <ClCompile Include="Application\Paint\PaintUtil.cpp" />
    <ClCompile Include="Application\Scene\ControllerScene.cpp" />
    <ClCompile Include="Application\Scene\MainTestScene.cpp" />
    <ClCompile Include="Application\Scene\SimpleSceneTransition.cpp" />
    <ClCompile Include="Application\Scene\SoundScene.cpp" />
    <ClCompile Include="Application\Scene\SpriteScene.cpp" />
    <ClCompile Include="Application\Chara\Enemy\Enemy.cpp" />
    <ClCompile Include="Application\Chara\Enemy\EnemyManager.cpp" />
    <ClCompile Include="Application\Chara\Enemy\EnemyState.cpp" />
    <ClCompile Include="Application\Chara\Enemy\EnemyUI.cpp" />
    <ClCompile Include="Application\BombSolider.cpp" />
    <ClCompile Include="Application\EggUI.cpp" />
    <ClCompile Include="Application\BreakableObj.cpp" />
    <ClCompile Include="Engine\Easing.cpp" />
    <ClCompile Include="Engine\Base\RenderTarget.cpp" />
    <ClCompile Include="Engine\Base\SRIndexBuffer.cpp" />
    <ClCompile Include="Engine\Collision\Colliders.cpp" />
    <ClCompile Include="Engine\3d\BillboardImage.cpp" />
    <ClCompile Include="Engine\Camera\Camera.cpp" />
    <ClCompile Include="Engine\Base\Color.cpp" />
    <ClCompile Include="Engine\Collision\ColPrimitive2D.cpp" />
    <ClCompile Include="Engine\Collision\ColPrimitive3D.cpp" />
    <ClCompile Include="Engine\3d\Cube.cpp" />
    <ClCompile Include="Engine\Camera\DebugCamera.cpp" />
    <ClCompile Include="Engine\Base\GraphicsPipeline.cpp" />
    <ClCompile Include="Engine\3d\Image3D.cpp" />
    <ClCompile Include="Engine\Base\IndexBuffer.cpp" />
    <ClCompile Include="Engine\DebugGUI.cpp" />
    <ClCompile Include="Engine\Math\Float4.cpp" />
    <ClCompile Include="Engine\PostEffect\Bloom.cpp" />
    <ClCompile Include="Engine\PostEffect\CrossFilter.cpp" />
    <ClCompile Include="Engine\PostEffect\DepthTest.cpp" />
    <ClCompile Include="Engine\PostEffect\MultiRenderTest.cpp" />
    <ClCompile Include="Engine\Renderer\BackSpriteRenderStage.cpp" />
    <ClCompile Include="Engine\Renderer\BackTransparentRenderStage.cpp" />
    <ClCompile Include="Engine\Renderer\FinalRenderStage.cpp" />
    <ClCompile Include="Engine\Renderer\OpaqueRenderStage.cpp" />
    <ClCompile Include="Engine\Renderer\PostEffectRenderStage.cpp" />
    <ClCompile Include="Engine\Renderer\RenderDesc.cpp" />
    <ClCompile Include="Engine\Renderer\Renderer.cpp" />
    <ClCompile Include="Engine\Renderer\IRenderStage.cpp" />
    <ClCompile Include="Engine\Renderer\SpriteRenderStage.cpp" />
    <ClCompile Include="Engine\Renderer\TestRenderStage.cpp" />
    <ClCompile Include="Engine\Renderer\TransparentRenderStage.cpp" />
    <ClCompile Include="Engine\Light\LightGroup.cpp" />
    <ClCompile Include="Application\Object\GameObject.cpp" />
    <ClCompile Include="Application\Object\Fire.cpp" />
    <ClCompile Include="Application\Object\FireManager.cpp" />
    <ClCompile Include="Application\Level.cpp" />
    <ClCompile Include="Application\Object\FireUnit.cpp" />
    <ClCompile Include="Engine\Particle\HomingParticle.cpp" />
    <ClCompile Include="main.cpp" />
    <ClCompile Include="Engine\Base\Material.cpp" />
    <ClCompile Include="Engine\Math\Matrix4.cpp" />
    <ClCompile Include="Engine\3d\Model\Model.cpp" />
    <ClCompile Include="Engine\3d\Model\ModelObj.cpp" />
    <ClCompile Include="Engine\3d\Model\Mtllib.cpp" />
    <ClCompile Include="Engine\3d\Obj3D.cpp" />
    <ClCompile Include="Engine\Math\Quaternion.cpp" />
    <ClCompile Include="Engine\Base\RAudio.cpp" />
    <ClCompile Include="Engine\Base\RDirectX.cpp" />
    <ClCompile Include="Engine\Base\RImGui.cpp" />
    <ClCompile Include="Engine\Base\RInput.cpp" />
    <ClCompile Include="Engine\Base\RootSignature.cpp" />
    <ClCompile Include="Engine\Base\RWindow.cpp" />
    <ClCompile Include="Engine\Scene\SceneManager.cpp" />
    <ClCompile Include="Engine\Base\Shader.cpp" />
    <ClCompile Include="Engine\SimpleDrawer\SimpleDrawer.cpp" />
    <ClCompile Include="Engine\SimpleDrawer\SimpleDrawInfo.cpp" />
    <ClCompile Include="Engine\Light\SpotLight.cpp" />
    <ClCompile Include="Engine\2d\Sprite.cpp" />
    <ClCompile Include="Engine\Base\SRBuffer.cpp" />
    <ClCompile Include="Engine\SimpleDrawer\TextDrawer.cpp" />
    <ClCompile Include="Engine\Base\Texture.cpp" />
    <ClCompile Include="Engine\TimeManager.cpp" />
    <ClCompile Include="Engine\Base\Transform.cpp" />
    <ClCompile Include="Engine\Util.cpp" />
    <ClCompile Include="Engine\Math\Vector2.cpp" />
    <ClCompile Include="Engine\Math\Vector3.cpp" />
    <ClCompile Include="Engine\Base\Vertex.cpp" />
    <ClCompile Include="Engine\Base\VertexBuffer.cpp" />
    <ClCompile Include="Engine\Base\ViewProjection.cpp" />
    <ClCompile Include="Engine\Collision\PolygonCollider.cpp" />
    <ClCompile Include="Engine\Collision\RayCollider.cpp" />
    <ClCompile Include="Engine\Collision\SphereCollider.cpp" />
    <ClCompile Include="Engine\Base\SRVertexBuffer.cpp" />
    <ClCompile Include="Engine\PathUtil.cpp" />
    <ClCompile Include="Application\SpectrumAnalyze.cpp" />
    <ClCompile Include="Application\Chara\Player\Player.cpp" />
    <ClCompile Include="Application\Scene\ProtoScene.cpp" />
    <ClCompile Include="Application\Scene\ResultScene.cpp" />
    <ClCompile Include="Application\Scene\TitleScene.cpp" />
    <ClCompile Include="Application\Object\Tower\Tower.cpp" />
    <ClCompile Include="Application\Object\Wax\Wax.cpp" />
    <ClCompile Include="Application\Object\Wax\WaxManager.cpp" />
    <ClCompile Include="Engine\Particle\Particle3D.cpp" />
    <ClCompile Include="Engine\Particle\ParticleManager.cpp" />
    <ClCompile Include="Engine\Particle\SimpleParticle.cpp" />
    <ClCompile Include="Application\Temperature.cpp" />
    <ClCompile Include="Application\Object\Wax\WaxState.cpp" />
    <ClCompile Include="Application\Singleton.cpp" />
    <ClCompile Include="Application\Object\SpawnerManager.cpp" />
    <ClCompile Include="Application\Parameter.cpp" />
    <ClCompile Include="Application\Scene\PaintScene.cpp" />
    <ClCompile Include="Application\Object\Wax\WaxGroup.cpp" />
    <ClCompile Include="Application\Object\TemperatueUI.cpp" />
    <ClCompile Include="Application\Chara\Player\PlayerState.cpp" />
    <ClCompile Include="Application\Paint\PaintableModelObj.cpp" />
    <ClCompile Include="Engine\Particle\RingParticle.cpp" />
    <ClCompile Include="Application\SpawnOrderData.cpp" />
    <ClCompile Include="Application\Chara\Player\PlayerUI.cpp" />
    <ClCompile Include="Application\Wave.cpp" />
    <ClCompile Include="Application\PhysicsCircle.cpp" />
    <ClCompile Include="Application\RayMarchTestScene.cpp" />
    <ClCompile Include="Application\SlimeWax.cpp" />
    <ClCompile Include="Engine\Collision\PlaneCollider.cpp" />
    <ClCompile Include="Application\Minimap.cpp" />
    <ClCompile Include="Application\ParticleEditor.cpp" />
    <ClCompile Include="Application\ParticleEditorScene.cpp" />
    <ClCompile Include="Application\Chara\Boss\BossAI.cpp" />
  </ItemGroup>
  <ItemGroup>
    <ClInclude Include="Application\EnemyAttackState.h" />
    <ClInclude Include="Application\Chara\Boss\Boss.h" />
    <ClInclude Include="Application\Chara\Boss\BossState.h" />
    <ClInclude Include="Application\Chara\Boss\BossUI.h" />
    <ClInclude Include="Application\Chara\Boss\BossPunch.h" />
    <ClInclude Include="Application\Chara\Boss\BossNormal.h" />
    <ClInclude Include="Engine\Collision\AABBCollider.h" />
    <ClInclude Include="Application\Chara\Enemy\EnemySpawner.h" />
    <ClInclude Include="Application\InstantDrawer.h" />
    <ClInclude Include="Application\LevelData.h" />
    <ClInclude Include="Application\LevelLoader.h" />
    <ClInclude Include="Application\Paint\PaintUtil.h" />
    <ClInclude Include="Application\Scene\ControllerScene.h" />
    <ClInclude Include="Application\Scene\MainTestScene.h" />
    <ClInclude Include="Application\Scene\SimpleSceneTransition.h" />
    <ClInclude Include="Application\Scene\SoundScene.h" />
    <ClInclude Include="Application\Scene\SpriteScene.h" />
    <ClInclude Include="Application\Chara\Enemy\Enemy.h" />
    <ClInclude Include="Application\Chara\Enemy\EnemyManager.h" />
    <ClInclude Include="Application\Chara\Enemy\EnemyState.h" />
    <ClInclude Include="Application\Chara\Enemy\EnemyUI.h" />
    <ClInclude Include="Application\BombSolider.h" />
    <ClInclude Include="Application\EggUI.h" />
    <ClInclude Include="Application\BreakableObj.h" />
    <ClInclude Include="Engine\Easing.h" />
    <ClInclude Include="Engine\Base\Rect.h" />
    <ClInclude Include="Engine\Base\RenderTarget.h" />
    <ClInclude Include="Engine\Base\SRConstBuffer.h" />
    <ClInclude Include="Engine\Base\SRIndexBuffer.h" />
    <ClInclude Include="Engine\Base\Viewport.h" />
    <ClInclude Include="Engine\Collision\Colliders.h" />
    <ClInclude Include="Engine\3d\BillboardImage.h" />
    <ClInclude Include="Engine\Camera\Camera.h" />
    <ClInclude Include="Engine\Base\Color.h" />
    <ClInclude Include="Engine\Collision\ColPrimitive2D.h" />
    <ClInclude Include="Engine\Collision\ColPrimitive3D.h" />
    <ClInclude Include="Engine\3d\Cube.h" />
    <ClInclude Include="Engine\Camera\DebugCamera.h" />
    <ClInclude Include="Engine\Base\GraphicsPipeline.h" />
    <ClInclude Include="Engine\3d\Image3D.h" />
    <ClInclude Include="Engine\Base\IndexBuffer.h" />
    <ClInclude Include="Engine\DebugGUI.h" />
    <ClInclude Include="Engine\Light\DirectionalLight.h" />
    <ClInclude Include="Engine\Math\Float4.h" />
    <ClInclude Include="Engine\PostEffect\Bloom.h" />
    <ClInclude Include="Engine\PostEffect\CrossFilter.h" />
    <ClInclude Include="Engine\PostEffect\DepthTest.h" />
    <ClInclude Include="Engine\PostEffect\MultiRenderTest.h" />
    <ClInclude Include="Engine\Renderer\BackSpriteRenderStage.h" />
    <ClInclude Include="Engine\Renderer\BackTransparentRenderStage.h" />
    <ClInclude Include="Engine\Renderer\FinalRenderStage.h" />
    <ClInclude Include="Engine\Renderer\OpaqueRenderStage.h" />
    <ClInclude Include="Engine\Renderer\PostEffectRenderStage.h" />
    <ClInclude Include="Engine\Renderer\RenderOrder.h" />
    <ClInclude Include="Engine\Renderer\Renderer.h" />
    <ClInclude Include="Engine\Renderer\IRenderStage.h" />
    <ClInclude Include="Engine\Renderer\SpriteRenderStage.h" />
    <ClInclude Include="Engine\Renderer\TestRenderStage.h" />
    <ClInclude Include="Engine\Renderer\TransparentRenderStage.h" />
    <ClInclude Include="Engine\Light\LightGroup.h" />
    <ClInclude Include="Engine\Base\Material.h" />
    <ClInclude Include="Engine\Math\Matrix4.h" />
    <ClInclude Include="Engine\3d\Model\Model.h" />
    <ClInclude Include="Engine\3d\Model\ModelObj.h" />
    <ClInclude Include="Engine\3d\Model\Mtllib.h" />
    <ClInclude Include="Engine\3d\Obj3D.h" />
    <ClInclude Include="Engine\Light\PointLight.h" />
    <ClInclude Include="Engine\Math\Quaternion.h" />
    <ClInclude Include="Engine\Base\RAudio.h" />
    <ClInclude Include="Engine\Base\RConstBuffer.h" />
    <ClInclude Include="Engine\Base\RDirectX.h" />
    <ClInclude Include="Engine\Base\RImGui.h" />
    <ClInclude Include="Engine\Base\RInput.h" />
    <ClInclude Include="Engine\Base\RootSignature.h" />
    <ClInclude Include="Engine\Base\RWindow.h" />
    <ClInclude Include="Engine\Scene\IScene.h" />
    <ClInclude Include="Engine\Scene\SceneManager.h" />
    <ClInclude Include="Engine\Scene\ISceneTransition.h" />
    <ClInclude Include="Engine\Base\Shader.h" />
    <ClInclude Include="Engine\SimpleDrawer\SimpleDrawer.h" />
    <ClInclude Include="Engine\SimpleDrawer\SimpleDrawInfo.h" />
    <ClInclude Include="Engine\Light\SpotLight.h" />
    <ClInclude Include="Engine\2d\Sprite.h" />
    <ClInclude Include="Engine\Base\SRBuffer.h" />
    <ClInclude Include="Engine\SimpleDrawer\TextDrawer.h" />
    <ClInclude Include="Engine\Base\Texture.h" />
    <ClInclude Include="Engine\TimeManager.h" />
    <ClInclude Include="Engine\Base\Transform.h" />
    <ClInclude Include="Engine\Util.h" />
    <ClInclude Include="Engine\Math\Vector2.h" />
    <ClInclude Include="Engine\Math\Vector3.h" />
    <ClInclude Include="Engine\Base\Vertex.h" />
    <ClInclude Include="Engine\Base\VertexBuffer.h" />
    <ClInclude Include="Engine\Base\ViewProjection.h" />
    <ClInclude Include="Engine\Collision\ICollider.h" />
    <ClInclude Include="Engine\Collision\PolygonCollider.h" />
    <ClInclude Include="Engine\Collision\RayCollider.h" />
    <ClInclude Include="Engine\Collision\SphereCollider.h" />
    <ClInclude Include="Engine\Base\SRVertexBuffer.h" />
    <ClInclude Include="Engine\PathUtil.h" />
    <ClInclude Include="Application\SpectrumAnalyze.h" />
    <ClInclude Include="Application\Chara\Player\Player.h" />
    <ClInclude Include="Application\Scene\ProtoScene.h" />
    <ClInclude Include="Application\Scene\ResultScene.h" />
    <ClInclude Include="Application\Scene\TitleScene.h" />
    <ClInclude Include="Application\Object\Tower\Tower.h" />
    <ClInclude Include="Application\Object\Wax\Wax.h" />
    <ClInclude Include="Application\Object\Wax\WaxManager.h" />
    <ClInclude Include="Engine\Particle\Particle3D.h" />
    <ClInclude Include="Engine\Particle\ParticleManager.h" />
    <ClInclude Include="Engine\Particle\SimpleParticle.h" />
    <ClInclude Include="Application\Temperature.h" />
    <ClInclude Include="Application\Object\GameObject.h" />
    <ClInclude Include="Application\Object\Fire.h" />
    <ClInclude Include="Application\Object\FireManager.h" />
    <ClInclude Include="Application\Object\Wax\WaxState.h" />
    <ClInclude Include="Application\Level.h" />
    <ClInclude Include="Application\Singleton.h" />
    <ClInclude Include="Application\Object\SpawnerManager.h" />
    <ClInclude Include="Application\Parameter.h" />
    <ClInclude Include="Application\Scene\PaintScene.h" />
    <ClInclude Include="Application\Object\Wax\WaxGroup.h" />
    <ClInclude Include="Application\Object\TemperatueUI.h" />
    <ClInclude Include="Application\Chara\Player\PlayerState.h" />
    <ClInclude Include="Application\Paint\PaintableModelObj.h" />
    <ClInclude Include="Engine\Particle\RingParticle.h" />
    <ClInclude Include="Application\SpawnOrderData.h" />
    <ClInclude Include="Application\Chara\Player\PlayerUI.h" />
    <ClInclude Include="Application\Object\FireUnit.h" />
    <ClInclude Include="Application\Wave.h" />
    <ClInclude Include="Engine\Particle\HomingParticle.h" />
    <ClInclude Include="Application\PhysicsCircle.h" />
    <ClInclude Include="Application\RayMarchTestScene.h" />
    <ClInclude Include="Application\SlimeWax.h" />
    <ClInclude Include="Engine\Collision\PlaneCollider.h" />
    <ClInclude Include="Application\Minimap.h" />
    <ClInclude Include="Application\ParticleEditor.h" />
    <ClInclude Include="Application\ParticleEditorScene.h" />
    <ClInclude Include="Application\Chara\Boss\BossAI.h" />
  </ItemGroup>
  <ItemGroup>
    <None Include="Shader\GameObject\GameObject.hlsli" />
    <None Include="Shader\Billboard\Billboard.hlsli" />
    <None Include="Shader\Bloom\Bloom.hlsli" />
    <None Include="Shader\BrightCut\BrightCut.hlsli" />
    <None Include="Shader\DepthTest\DepthTest.hlsli" />
    <None Include="Shader\Disolve\Disolve.hlsli" />
    <None Include="Shader\Final\Final.hlsli" />
    <None Include="Shader\GaussianBlur\GaussianBlur.hlsli" />
    <None Include="Shader\Grid\Grid.hlsli" />
    <None Include="Shader\Include\Camera.hlsli" />
    <None Include="Shader\Include\Lighting.hlsli" />
    <None Include="Shader\Include\Material.hlsli" />
    <None Include="Shader\Include\Transform.hlsli" />
    <None Include="Shader\Include\VSStruct.hlsli" />
    <None Include="Shader\LinearBlur\LinearBlur.hlsli" />
    <None Include="Shader\MultiRenderTest\MultiRenderTest.hlsli" />
    <None Include="Shader\Particle3D\Particle3D.hlsli" />
    <None Include="Shader\ParticleBillboard\ParticleBillboard.hlsli" />
    <None Include="Shader\PostEffect\PostEffect.hlsli" />
    <None Include="Shader\Simple\Simple.hlsli" />
    <None Include="Shader\SimpleInstance\SimpleInstance.hlsli" />
    <None Include="Shader\SimpleLine\SimpleLine.hlsli" />
    <None Include="Shader\SimpleMesh\SimpleMesh.hlsli" />
    <None Include="Shader\SlimeShader\SlimeShader.hlsli" />
    <None Include="Shader\Sprite\Sprite.hlsli" />
    <None Include="Shader\Test\Test.hlsli" />
  </ItemGroup>
  <ItemGroup>
    <Text Include="hogehoge.txt" />
  </ItemGroup>
</Project>